<?xml version="1.0" encoding="utf-8"?>
<Project ToolsVersion="4.0" xmlns="http://schemas.microsoft.com/developer/msbuild/2003">
  <ItemGroup>
    <Filter Include="Common">
      <UniqueIdentifier>{e4ac86f0-1da7-495f-b748-bd2a415facc2}</UniqueIdentifier>
    </Filter>
    <Filter Include="Common\Math">
      <UniqueIdentifier>{e4dd3421-beaa-497e-ba9a-2fb8f2b82529}</UniqueIdentifier>
    </Filter>
    <Filter Include="Graphics">
      <UniqueIdentifier>{b8ad5709-dfca-4d10-ad42-1bf16629e14a}</UniqueIdentifier>
    </Filter>
    <Filter Include="High Level Interface">
      <UniqueIdentifier>{a4067013-edfe-4666-b2f2-dade9b29e223}</UniqueIdentifier>
    </Filter>
    <Filter Include="Input">
      <UniqueIdentifier>{b955b8ae-fd5a-41a1-a100-7696543df653}</UniqueIdentifier>
    </Filter>
    <Filter Include="Resource">
      <UniqueIdentifier>{67DA6AB6-F800-4c08-8B7A-83BB121AAD01}</UniqueIdentifier>
      <Extensions>rc;ico;cur;bmp;dlg;rc2;rct;bin;rgs;gif;jpg;jpeg;jpe;resx;tiff;tif;png;wav;mfcribbon-ms</Extensions>
    </Filter>
    <Filter Include="Time">
      <UniqueIdentifier>{4c37f2bb-4a1b-4973-9731-a96c6ed9a53c}</UniqueIdentifier>
    </Filter>
    <Filter Include="Renderer">
      <UniqueIdentifier>{b528c673-3426-4139-bd58-1a4225a68acf}</UniqueIdentifier>
    </Filter>
    <Filter Include="Scene">
      <UniqueIdentifier>{a6fb67de-bd51-45cf-bb2f-180c908478fd}</UniqueIdentifier>
    </Filter>
    <Filter Include="GameObject">
      <UniqueIdentifier>{108fbde5-4a29-415b-aede-e7126acbbc7d}</UniqueIdentifier>
    </Filter>
    <Filter Include="Component">
      <UniqueIdentifier>{cb422419-1b39-4412-bb00-ae45397ae024}</UniqueIdentifier>
    </Filter>
    <Filter Include="Resource\Manager">
      <UniqueIdentifier>{c7caa012-853c-433c-baf7-3c58e368db52}</UniqueIdentifier>
    </Filter>
    <Filter Include="Resource\Mesh">
      <UniqueIdentifier>{4923e9c1-2584-4246-afb3-baabb6cd4c18}</UniqueIdentifier>
    </Filter>
    <Filter Include="Resource\Shader">
      <UniqueIdentifier>{8b7bbcb5-8a64-4650-8bdc-9afd5605fdcb}</UniqueIdentifier>
    </Filter>
    <Filter Include="Resource\Material">
      <UniqueIdentifier>{fe54e399-38f4-4166-a8de-640613217ff6}</UniqueIdentifier>
    </Filter>
    <Filter Include="Resource\Base">
      <UniqueIdentifier>{54ffdf38-8337-4e5a-b864-849047439349}</UniqueIdentifier>
    </Filter>
    <Filter Include="Component\Base">
      <UniqueIdentifier>{28fe2625-1ae0-41f5-8d44-8656f93d61a0}</UniqueIdentifier>
    </Filter>
    <Filter Include="Component\Transform">
      <UniqueIdentifier>{da831b5e-e775-4972-bf76-cb4959a31ec0}</UniqueIdentifier>
    </Filter>
    <Filter Include="Resource\Texture">
      <UniqueIdentifier>{2f4222bb-45d2-42e0-bb80-b107d39bb3f5}</UniqueIdentifier>
    </Filter>
    <Filter Include="Component\Script">
      <UniqueIdentifier>{5bdaae5e-ccba-4d6c-9c87-43ffb38ec402}</UniqueIdentifier>
    </Filter>
    <Filter Include="Component\Camera">
      <UniqueIdentifier>{c2c0fed0-6857-44e0-8d50-5aa5aa8246ae}</UniqueIdentifier>
    </Filter>
    <Filter Include="Component\Renderer">
      <UniqueIdentifier>{39f04c9a-4599-4865-830b-545a1407f97f}</UniqueIdentifier>
    </Filter>
    <Filter Include="Scene\Layer">
      <UniqueIdentifier>{379b0174-ebf5-41f3-911c-98f328d33c3d}</UniqueIdentifier>
    </Filter>
    <Filter Include="Scene\Base">
      <UniqueIdentifier>{2585fde9-6b5e-47f7-a2ec-c38cc8dc6048}</UniqueIdentifier>
    </Filter>
    <Filter Include="Scene\Manager">
      <UniqueIdentifier>{a5befe43-c033-4896-9842-6b9b2a5779f5}</UniqueIdentifier>
    </Filter>
    <Filter Include="Component\Collider">
      <UniqueIdentifier>{2738e940-c148-453f-811c-ab9cb1d8e47e}</UniqueIdentifier>
    </Filter>
    <Filter Include="Component\Collider\2D">
      <UniqueIdentifier>{6941a36a-d566-470e-97e4-506d9a7490b5}</UniqueIdentifier>
    </Filter>
    <Filter Include="Component\Collider\Manager">
      <UniqueIdentifier>{405ac1d4-ed49-4407-b3d0-949ff8ad7415}</UniqueIdentifier>
    </Filter>
    <Filter Include="Contents">
      <UniqueIdentifier>{7b4d12cc-10c4-46d1-88fb-9cfbf6bd9ac4}</UniqueIdentifier>
    </Filter>
    <Filter Include="Contents\Player">
      <UniqueIdentifier>{e184ed32-1000-441b-9cec-3f7bdeabd0c1}</UniqueIdentifier>
    </Filter>
    <Filter Include="Component\Animator">
      <UniqueIdentifier>{98b19e43-cb24-4764-88f5-61c3c5fbbf0f}</UniqueIdentifier>
    </Filter>
    <Filter Include="Component\Light">
      <UniqueIdentifier>{b2678b8d-beaf-4ff2-b1fa-98a897c57c9b}</UniqueIdentifier>
    </Filter>
    <Filter Include="Contents\Ground">
      <UniqueIdentifier>{f49f5527-4444-4634-8037-093617bf3d04}</UniqueIdentifier>
    </Filter>
    <Filter Include="Component\RigidBody">
      <UniqueIdentifier>{5737df80-d475-4d07-b968-837c4c895cc0}</UniqueIdentifier>
    </Filter>
    <Filter Include="Contents\MagicBall">
      <UniqueIdentifier>{4e966d92-f7f9-40da-aa03-38d963bf000d}</UniqueIdentifier>
    </Filter>
    <Filter Include="Contents\MouseCursor">
      <UniqueIdentifier>{e0ed5041-951b-4c54-be53-d86390f13d2d}</UniqueIdentifier>
    </Filter>
    <Filter Include="Contents\Monster">
      <UniqueIdentifier>{ceb76c1c-03ee-49ef-af3e-19f3ffb81447}</UniqueIdentifier>
    </Filter>
    <Filter Include="Contents\Background">
      <UniqueIdentifier>{2c787347-22cf-45f9-8bec-94b912238f74}</UniqueIdentifier>
    </Filter>
    <Filter Include="Contents\Background\Sky">
      <UniqueIdentifier>{44ceaf5c-0af9-4228-b685-66ba3b488d21}</UniqueIdentifier>
    </Filter>
  </ItemGroup>
  <ItemGroup>
    <ClCompile Include="yaMath.cpp">
      <Filter>Common\Math</Filter>
    </ClCompile>
    <ClCompile Include="yaApplication.cpp">
      <Filter>High Level Interface</Filter>
    </ClCompile>
    <ClCompile Include="yaRenderer.cpp">
      <Filter>Renderer</Filter>
    </ClCompile>
    <ClCompile Include="yaTime.cpp">
      <Filter>Time</Filter>
    </ClCompile>
    <ClCompile Include="yaEntity.cpp">
      <Filter>Common</Filter>
    </ClCompile>
    <ClCompile Include="yaGameObject.cpp">
      <Filter>GameObject</Filter>
    </ClCompile>
    <ClCompile Include="yaShader.cpp">
      <Filter>Resource\Shader</Filter>
    </ClCompile>
    <ClCompile Include="yaMesh.cpp">
      <Filter>Resource\Mesh</Filter>
    </ClCompile>
    <ClCompile Include="yaMaterial.cpp">
      <Filter>Resource\Material</Filter>
    </ClCompile>
    <ClCompile Include="yaResource.cpp">
      <Filter>Resource\Base</Filter>
    </ClCompile>
    <ClCompile Include="yaResources.cpp">
      <Filter>Resource\Manager</Filter>
    </ClCompile>
    <ClCompile Include="yaInput.cpp">
      <Filter>Input</Filter>
    </ClCompile>
    <ClCompile Include="yaComponent.cpp">
      <Filter>Component\Base</Filter>
    </ClCompile>
    <ClCompile Include="yaTransform.cpp">
      <Filter>Component\Transform</Filter>
    </ClCompile>
    <ClCompile Include="yaMeshRenderer.cpp">
      <Filter>Component\Renderer</Filter>
    </ClCompile>
    <ClCompile Include="yaTexture.cpp">
      <Filter>Resource\Texture</Filter>
    </ClCompile>
    <ClCompile Include="yaScript.cpp">
      <Filter>Component\Script</Filter>
    </ClCompile>
    <ClCompile Include="yaCamera.cpp">
      <Filter>Component\Camera</Filter>
    </ClCompile>
    <ClCompile Include="yaSpriteRenderer.cpp">
      <Filter>Component\Renderer</Filter>
    </ClCompile>
    <ClCompile Include="yaBaseRenderer.cpp">
      <Filter>Component\Renderer</Filter>
    </ClCompile>
    <ClCompile Include="cameraScript.cpp" />
    <ClCompile Include="yaGridScript.cpp" />
    <ClCompile Include="yaGraphicDevice_DX11.cpp">
      <Filter>Graphics</Filter>
    </ClCompile>
    <ClCompile Include="yaCamEffectScript.cpp" />
    <ClCompile Include="yaLayer.cpp">
      <Filter>Scene\Layer</Filter>
    </ClCompile>
    <ClCompile Include="yaScene.cpp">
      <Filter>Scene\Base</Filter>
    </ClCompile>
    <ClCompile Include="yaSceneManager.cpp">
      <Filter>Scene\Manager</Filter>
    </ClCompile>
    <ClCompile Include="yaPlayScene.cpp">
      <Filter>Scene</Filter>
    </ClCompile>
    <ClCompile Include="yaTitleScene.cpp">
      <Filter>Scene</Filter>
    </ClCompile>
    <ClCompile Include="yaPlayerScript.cpp">
      <Filter>Contents\Player</Filter>
    </ClCompile>
    <ClCompile Include="yaConstantBuffer.cpp">
      <Filter>Graphics</Filter>
    </ClCompile>
    <ClCompile Include="yaCollider.cpp">
      <Filter>Component\Collider</Filter>
    </ClCompile>
    <ClCompile Include="yaCollider2D.cpp">
      <Filter>Component\Collider\2D</Filter>
    </ClCompile>
    <ClCompile Include="yaCollisionManager.cpp">
      <Filter>Component\Collider\Manager</Filter>
    </ClCompile>
    <ClCompile Include="yaAnimation.cpp">
      <Filter>Component\Animator</Filter>
    </ClCompile>
    <ClCompile Include="yaAnimator.cpp">
      <Filter>Component\Animator</Filter>
    </ClCompile>
    <ClCompile Include="yaLight.cpp">
      <Filter>Component\Light</Filter>
    </ClCompile>
    <ClCompile Include="yaStructuredBuffer.cpp">
      <Filter>Graphics</Filter>
    </ClCompile>
    <ClCompile Include="yaGroundScript.cpp">
      <Filter>Contents\Ground</Filter>
    </ClCompile>
    <ClCompile Include="yaRigidBody.cpp">
      <Filter>Component\RigidBody</Filter>
    </ClCompile>
    <ClCompile Include="yaComputeShader.cpp" />
    <ClCompile Include="yaMagicBall.cpp">
      <Filter>Contents\MagicBall</Filter>
    </ClCompile>
    <ClCompile Include="yaMagicBullet.cpp">
      <Filter>Contents\MagicBall</Filter>
    </ClCompile>
    <ClCompile Include="yaMouseCursor.cpp">
      <Filter>Contents\MouseCursor</Filter>
    </ClCompile>
    <ClCompile Include="yaMonster.cpp">
      <Filter>Contents\Monster</Filter>
    </ClCompile>
    <ClCompile Include="yaBackSky.cpp">
      <Filter>Contents\Background\Sky</Filter>
    </ClCompile>
  </ItemGroup>
  <ItemGroup>
    <ClInclude Include="CommonInclude.h" />
    <ClInclude Include="yaMath.h">
      <Filter>Common\Math</Filter>
    </ClInclude>
    <ClInclude Include="yaGraphicDevice_DX11.h">
      <Filter>Graphics</Filter>
    </ClInclude>
    <ClInclude Include="yaApplication.h">
      <Filter>High Level Interface</Filter>
    </ClInclude>
    <ClInclude Include="yaGraphics.h">
      <Filter>Graphics</Filter>
    </ClInclude>
    <ClInclude Include="yaRenderer.h">
      <Filter>Renderer</Filter>
    </ClInclude>
    <ClInclude Include="yaEngine.h">
      <Filter>Common</Filter>
    </ClInclude>
    <ClInclude Include="yaEnums.h">
      <Filter>Common</Filter>
    </ClInclude>
    <ClInclude Include="framework.h" />
    <ClInclude Include="yaTime.h">
      <Filter>Time</Filter>
    </ClInclude>
    <ClInclude Include="yaEntity.h">
      <Filter>Common</Filter>
    </ClInclude>
    <ClInclude Include="yaGameObject.h">
      <Filter>GameObject</Filter>
    </ClInclude>
    <ClInclude Include="yaShader.h">
      <Filter>Resource\Shader</Filter>
    </ClInclude>
    <ClInclude Include="yaMesh.h">
      <Filter>Resource\Mesh</Filter>
    </ClInclude>
    <ClInclude Include="yaMaterial.h">
      <Filter>Resource\Material</Filter>
    </ClInclude>
    <ClInclude Include="yaResource.h">
      <Filter>Resource\Base</Filter>
    </ClInclude>
    <ClInclude Include="yaInput.h">
      <Filter>Input</Filter>
    </ClInclude>
    <ClInclude Include="yaComponent.h">
      <Filter>Component\Base</Filter>
    </ClInclude>
    <ClInclude Include="yaTransform.h">
      <Filter>Component\Transform</Filter>
    </ClInclude>
    <ClInclude Include="yaMeshRenderer.h">
      <Filter>Component\Renderer</Filter>
    </ClInclude>
    <ClInclude Include="yaTexture.h">
      <Filter>Resource\Texture</Filter>
    </ClInclude>
    <ClInclude Include="yaScript.h">
      <Filter>Component\Script</Filter>
    </ClInclude>
    <ClInclude Include="yaResources.h">
      <Filter>Resource\Manager</Filter>
    </ClInclude>
    <ClInclude Include="yaCamera.h">
      <Filter>Component\Camera</Filter>
    </ClInclude>
    <ClInclude Include="yaSpriteRenderer.h">
      <Filter>Component\Renderer</Filter>
    </ClInclude>
    <ClInclude Include="yaBaseRenderer.h">
      <Filter>Component\Renderer</Filter>
    </ClInclude>
    <ClInclude Include="cameraScript.h" />
    <ClInclude Include="yaGridScript.h" />
    <ClInclude Include="yaCamEffectScript.h" />
    <ClInclude Include="yaObject.h">
      <Filter>GameObject</Filter>
    </ClInclude>
    <ClInclude Include="yaLayer.h">
      <Filter>Scene\Layer</Filter>
    </ClInclude>
    <ClInclude Include="yaSceneManager.h">
      <Filter>Scene\Manager</Filter>
    </ClInclude>
    <ClInclude Include="yaPlayScene.h">
      <Filter>Scene</Filter>
    </ClInclude>
    <ClInclude Include="yaTitleScene.h">
      <Filter>Scene</Filter>
    </ClInclude>
    <ClInclude Include="yaPlayerScript.h">
      <Filter>Contents\Player</Filter>
    </ClInclude>
    <ClInclude Include="yaConstantBuffer.h">
      <Filter>Graphics</Filter>
    </ClInclude>
    <ClInclude Include="yaScene.h">
      <Filter>Scene\Base</Filter>
    </ClInclude>
    <ClInclude Include="yaCollider.h">
      <Filter>Component\Collider</Filter>
    </ClInclude>
    <ClInclude Include="yaCollider2D.h">
      <Filter>Component\Collider\2D</Filter>
    </ClInclude>
    <ClInclude Include="yaCollisionManager.h">
      <Filter>Component\Collider\Manager</Filter>
    </ClInclude>
    <ClInclude Include="yaAnimation.h">
      <Filter>Component\Animator</Filter>
    </ClInclude>
    <ClInclude Include="yaAnimator.h">
      <Filter>Component\Animator</Filter>
    </ClInclude>
    <ClInclude Include="yaLight.h">
      <Filter>Component\Light</Filter>
    </ClInclude>
    <ClInclude Include="yaStructuredBuffer.h">
      <Filter>Graphics</Filter>
    </ClInclude>
    <ClInclude Include="yaGroundScript.h">
      <Filter>Contents\Ground</Filter>
    </ClInclude>
    <ClInclude Include="yaRigidBody.h">
      <Filter>Component\RigidBody</Filter>
    </ClInclude>
    <ClInclude Include="yaComputeShader.h" />
    <ClInclude Include="yaMagicBall.h">
      <Filter>Contents\MagicBall</Filter>
    </ClInclude>
    <ClInclude Include="yaMagicBullet.h">
      <Filter>Contents\MagicBall</Filter>
    </ClInclude>
    <ClInclude Include="yaMouseCursor.h">
      <Filter>Contents\MouseCursor</Filter>
    </ClInclude>
    <ClInclude Include="yaMonster.h">
      <Filter>Contents\Monster</Filter>
    </ClInclude>
    <ClInclude Include="yaBackSky.h">
      <Filter>Contents\Background\Sky</Filter>
    </ClInclude>
  </ItemGroup>
  <ItemGroup>
    <None Include="yaMath.inl">
      <Filter>Common\Math</Filter>
    </None>
  </ItemGroup>
</Project>